
Microsoft Visual Studio Solution File, Format Version 12.00
# Visual Studio Version 16
VisualStudioVersion = 16.0.32929.386
MinimumVisualStudioVersion = 10.0.40219.1
Project("{FAE04EC0-301F-11D3-BF4B-00C04F79EFBC}") = "Single", "Single\Single.csproj", "{3BC04B1F-2FBE-4FE2-BEE4-9366E34C8D1E}"
EndProject
Project("{FAE04EC0-301F-11D3-BF4B-00C04F79EFBC}") = "FactoryMethod", "FactoryMethod\FactoryMethod.csproj", "{8917A760-D714-4947-A83B-BEF4CD06E1C0}"
EndProject
Project("{FAE04EC0-301F-11D3-BF4B-00C04F79EFBC}") = "AbstractFactory", "AbstractFactory\AbstractFactory.csproj", "{C286F381-385D-40E7-8537-38CDC807A087}"
EndProject
Global
	GlobalSection(SolutionConfigurationPlatforms) = preSolution
		Debug|Any CPU = Debug|Any CPU
		Release|Any CPU = Release|Any CPU
	EndGlobalSection
	GlobalSection(ProjectConfigurationPlatforms) = postSolution
		{3BC04B1F-2FBE-4FE2-BEE4-9366E34C8D1E}.Debug|Any CPU.ActiveCfg = Debug|Any CPU
		{3BC04B1F-2FBE-4FE2-BEE4-9366E34C8D1E}.Debug|Any CPU.Build.0 = Debug|Any CPU
		{3BC04B1F-2FBE-4FE2-BEE4-9366E34C8D1E}.Release|Any CPU.ActiveCfg = Release|Any CPU
		{3BC04B1F-2FBE-4FE2-BEE4-9366E34C8D1E}.Release|Any CPU.Build.0 = Release|Any CPU
		{8917A760-D714-4947-A83B-BEF4CD06E1C0}.Debug|Any CPU.ActiveCfg = Debug|Any CPU
		{8917A760-D714-4947-A83B-BEF4CD06E1C0}.Debug|Any CPU.Build.0 = Debug|Any CPU
		{8917A760-D714-4947-A83B-BEF4CD06E1C0}.Release|Any CPU.ActiveCfg = Release|Any CPU
		{8917A760-D714-4947-A83B-BEF4CD06E1C0}.Release|Any CPU.Build.0 = Release|Any CPU
		{C286F381-385D-40E7-8537-38CDC807A087}.Debug|Any CPU.ActiveCfg = Debug|Any CPU
		{C286F381-385D-40E7-8537-38CDC807A087}.Debug|Any CPU.Build.0 = Debug|Any CPU
		{C286F381-385D-40E7-8537-38CDC807A087}.Release|Any CPU.ActiveCfg = Release|Any CPU
		{C286F381-385D-40E7-8537-38CDC807A087}.Release|Any CPU.Build.0 = Release|Any CPU
	EndGlobalSection
	GlobalSection(SolutionProperties) = preSolution
		HideSolutionNode = FALSE
	EndGlobalSection
	GlobalSection(ExtensibilityGlobals) = postSolution
		SolutionGuid = {46C71095-08A1-4A75-AFA3-F84949F14790}
	EndGlobalSection
EndGlobal
